
Microsoft Visual Studio Solution File, Format Version 11.00
# Visual Studio 2010
Project("{FAE04EC0-301F-11D3-BF4B-00C04F79EFBC}") = "XNASimonKinect", "XNASimonKinect\XNASimonKinect\XNASimonKinect.csproj", "{CBE3AF29-AF2B-4DF2-B84E-9D1560D5A09B}"
EndProject
Project("{96E2B04D-8817-42C6-938A-82C39BA4D311}") = "XNASimonKinectContent", "XNASimonKinect\XNASimonKinectContent\XNASimonKinectContent.contentproj", "{374C8B66-B080-44E1-8C62-61EBA72ADBE4}"
EndProject
Global
	GlobalSection(SolutionConfigurationPlatforms) = preSolution
		Debug|x86 = Debug|x86
		Release|x86 = Release|x86
	EndGlobalSection
	GlobalSection(ProjectConfigurationPlatforms) = postSolution
		{CBE3AF29-AF2B-4DF2-B84E-9D1560D5A09B}.Debug|x86.ActiveCfg = Debug|x86
		{CBE3AF29-AF2B-4DF2-B84E-9D1560D5A09B}.Debug|x86.Build.0 = Debug|x86
		{CBE3AF29-AF2B-4DF2-B84E-9D1560D5A09B}.Release|x86.ActiveCfg = Release|x86
		{CBE3AF29-AF2B-4DF2-B84E-9D1560D5A09B}.Release|x86.Build.0 = Release|x86
		{374C8B66-B080-44E1-8C62-61EBA72ADBE4}.Debug|x86.ActiveCfg = Debug|x86
		{374C8B66-B080-44E1-8C62-61EBA72ADBE4}.Release|x86.ActiveCfg = Release|x86
	EndGlobalSection
	GlobalSection(SolutionProperties) = preSolution
		HideSolutionNode = FALSE
	EndGlobalSection
EndGlobal
